{
  "name": "tikitaka",
  "version": "1.0.0",
  "lockfileVersion": 2,
  "requires": true,
  "packages": {
    "": {
      "name": "tikitaka",
      "version": "1.0.0",
      "license": "SEE LICENSE IN LICENSE",
      "devDependencies": {
        "comet": "^1.0.1"
      }
    },
    "node_modules/comet": {
      "version": "1.0.1",
      "resolved": "https://registry.npmjs.org/comet/-/comet-1.0.1.tgz",
      "integrity": "sha512-yCWs+U4tDID5z+g4CvKSMMMrI2rgs/XWuwZrc/LB9UGIG2PS37jxU9FwU9nmYTbmLT/yIkPLibpjEQANmZZzmw==",
      "dev": true
    }
  },
  "dependencies": {
    "comet": {
      "version": "1.0.1",
      "resolved": "https://registry.npmjs.org/comet/-/comet-1.0.1.tgz",
      "integrity": "sha512-yCWs+U4tDID5z+g4CvKSMMMrI2rgs/XWuwZrc/LB9UGIG2PS37jxU9FwU9nmYTbmLT/yIkPLibpjEQANmZZzmw==",
      "dev": true
    }
  }
}
